// !$*UTF8*$!
{
	archiveVersion = 1;
	classes = {
	};
	objectVersion = 52;
	objects = {

/* Begin PBXBuildFile section */
		2C78B8BB2439C013002F262C /* SwiftTemplatesSpec.swift in Sources */ = {isa = PBXBuildFile; fileRef = 2C78B8BA2439C013002F262C /* SwiftTemplatesSpec.swift */; };
		2C78B8C92439C5E2002F262C /* AutoDefaultValue.swifttemplate in Resources */ = {isa = PBXBuildFile; fileRef = 2C78B8C72439C5E2002F262C /* AutoDefaultValue.swifttemplate */; };
		2C78B8CD2439C78C002F262C /* AutoDefaultValue.swift in Sources */ = {isa = PBXBuildFile; fileRef = 2C78B8CC2439C78C002F262C /* AutoDefaultValue.swift */; };
		2CA9102627128DD100E4A17D /* Quick in Frameworks */ = {isa = PBXBuildFile; productRef = 2CA9102527128DD100E4A17D /* Quick */; };
		2CA9102927128DF600E4A17D /* Nimble in Frameworks */ = {isa = PBXBuildFile; productRef = 2CA9102827128DF600E4A17D /* Nimble */; };
		2CEBA4562439EB3200087595 /* AutoDefaultValue.expected in Resources */ = {isa = PBXBuildFile; fileRef = 2C78B8D52439E756002F262C /* AutoDefaultValue.expected */; };
		2CEBA4592439EC6A00087595 /* AutoDefaultValue.generated.swift in Sources */ = {isa = PBXBuildFile; fileRef = 2C78B8D12439D50D002F262C /* AutoDefaultValue.generated.swift */; };
		2CEBA45C2439ED2100087595 /* AutoDefaultValue.generated.swift in CopyFiles */ = {isa = PBXBuildFile; fileRef = 2C78B8D12439D50D002F262C /* AutoDefaultValue.generated.swift */; };
/* End PBXBuildFile section */

/* Begin PBXCopyFilesBuildPhase section */
		2CEBA45B2439ED1900087595 /* CopyFiles */ = {
			isa = PBXCopyFilesBuildPhase;
			buildActionMask = 2147483647;
			dstPath = "";
			dstSubfolderSpec = 7;
			files = (
				2CEBA45C2439ED2100087595 /* AutoDefaultValue.generated.swift in CopyFiles */,
			);
			runOnlyForDeploymentPostprocessing = 0;
		};
/* End PBXCopyFilesBuildPhase section */

/* Begin PBXFileReference section */
		2C78B8B82439C013002F262C /* SwiftTemplatesTests.xctest */ = {isa = PBXFileReference; explicitFileType = wrapper.cfbundle; includeInIndex = 0; path = SwiftTemplatesTests.xctest; sourceTree = BUILT_PRODUCTS_DIR; };
		2C78B8BA2439C013002F262C /* SwiftTemplatesSpec.swift */ = {isa = PBXFileReference; lastKnownFileType = sourcecode.swift; path = SwiftTemplatesSpec.swift; sourceTree = "<group>"; };
		2C78B8BC2439C013002F262C /* Info.plist */ = {isa = PBXFileReference; lastKnownFileType = text.plist.xml; path = Info.plist; sourceTree = "<group>"; };
		2C78B8C72439C5E2002F262C /* AutoDefaultValue.swifttemplate */ = {isa = PBXFileReference; fileEncoding = 4; lastKnownFileType = text; path = AutoDefaultValue.swifttemplate; sourceTree = "<group>"; };
		2C78B8CC2439C78C002F262C /* AutoDefaultValue.swift */ = {isa = PBXFileReference; lastKnownFileType = sourcecode.swift; path = AutoDefaultValue.swift; sourceTree = "<group>"; };
		2C78B8D12439D50D002F262C /* AutoDefaultValue.generated.swift */ = {isa = PBXFileReference; fileEncoding = 4; lastKnownFileType = sourcecode.swift; path = AutoDefaultValue.generated.swift; sourceTree = "<group>"; };
		2C78B8D52439E756002F262C /* AutoDefaultValue.expected */ = {isa = PBXFileReference; lastKnownFileType = text; path = AutoDefaultValue.expected; sourceTree = "<group>"; };
		F65AEE1A9BB328E1D7F61AB6 /* Pods_SwiftTemplatesTests.framework */ = {isa = PBXFileReference; explicitFileType = wrapper.framework; includeInIndex = 0; path = Pods_SwiftTemplatesTests.framework; sourceTree = BUILT_PRODUCTS_DIR; };
/* End PBXFileReference section */

/* Begin PBXFrameworksBuildPhase section */
		2C78B8B52439C013002F262C /* Frameworks */ = {
			isa = PBXFrameworksBuildPhase;
			buildActionMask = 2147483647;
			files = (
				2CA9102927128DF600E4A17D /* Nimble in Frameworks */,
				2CA9102627128DD100E4A17D /* Quick in Frameworks */,
			);
			runOnlyForDeploymentPostprocessing = 0;
		};
/* End PBXFrameworksBuildPhase section */

/* Begin PBXGroup section */
		2C78B8982439BFB3002F262C = {
			isa = PBXGroup;
			children = (
				2C78B8C42439C4AD002F262C /* Templates */,
				2C78B8B92439C013002F262C /* Tests */,
				2C78B8A22439BFB3002F262C /* Products */,
				4A8B8A2D33BA9015749021D9 /* Frameworks */,
			);
			sourceTree = "<group>";
		};
		2C78B8A22439BFB3002F262C /* Products */ = {
			isa = PBXGroup;
			children = (
				2C78B8B82439C013002F262C /* SwiftTemplatesTests.xctest */,
			);
			name = Products;
			sourceTree = "<group>";
		};
		2C78B8B92439C013002F262C /* Tests */ = {
			isa = PBXGroup;
			children = (
				2C78B8C32439C439002F262C /* Context */,
				2C78B8C22439C434002F262C /* Expected */,
				2C78B8C12439C42C002F262C /* Generated */,
				2C78B8BA2439C013002F262C /* SwiftTemplatesSpec.swift */,
				2C78B8BC2439C013002F262C /* Info.plist */,
			);
			path = Tests;
			sourceTree = "<group>";
		};
		2C78B8C12439C42C002F262C /* Generated */ = {
			isa = PBXGroup;
			children = (
				2C78B8D12439D50D002F262C /* AutoDefaultValue.generated.swift */,
			);
			path = Generated;
			sourceTree = "<group>";
		};
		2C78B8C22439C434002F262C /* Expected */ = {
			isa = PBXGroup;
			children = (
				2C78B8D52439E756002F262C /* AutoDefaultValue.expected */,
			);
			path = Expected;
			sourceTree = "<group>";
		};
		2C78B8C32439C439002F262C /* Context */ = {
			isa = PBXGroup;
			children = (
				2C78B8CC2439C78C002F262C /* AutoDefaultValue.swift */,
			);
			path = Context;
			sourceTree = "<group>";
		};
		2C78B8C42439C4AD002F262C /* Templates */ = {
			isa = PBXGroup;
			children = (
				2C78B8C72439C5E2002F262C /* AutoDefaultValue.swifttemplate */,
			);
			path = Templates;
			sourceTree = "<group>";
		};
		4A8B8A2D33BA9015749021D9 /* Frameworks */ = {
			isa = PBXGroup;
			children = (
				F65AEE1A9BB328E1D7F61AB6 /* Pods_SwiftTemplatesTests.framework */,
			);
			name = Frameworks;
			sourceTree = "<group>";
		};
/* End PBXGroup section */

/* Begin PBXNativeTarget section */
		2C78B8B72439C013002F262C /* SwiftTemplatesTests */ = {
			isa = PBXNativeTarget;
			buildConfigurationList = 2C78B8BD2439C013002F262C /* Build configuration list for PBXNativeTarget "SwiftTemplatesTests" */;
			buildPhases = (
				2C78B8C02439C3EE002F262C /* Sourcery */,
				2C78B8B42439C013002F262C /* Sources */,
				2C78B8B52439C013002F262C /* Frameworks */,
				2C78B8B62439C013002F262C /* Resources */,
				2CEBA45B2439ED1900087595 /* CopyFiles */,
			);
			buildRules = (
			);
			dependencies = (
			);
			name = SwiftTemplatesTests;
			packageProductDependencies = (
				2CA9102527128DD100E4A17D /* Quick */,
				2CA9102827128DF600E4A17D /* Nimble */,
			);
			productName = SwiftTemplatesTests;
			productReference = 2C78B8B82439C013002F262C /* SwiftTemplatesTests.xctest */;
			productType = "com.apple.product-type.bundle.unit-test";
		};
/* End PBXNativeTarget section */

/* Begin PBXProject section */
		2C78B8992439BFB3002F262C /* Project object */ = {
			isa = PBXProject;
			attributes = {
				LastSwiftUpdateCheck = 1120;
				LastUpgradeCheck = 1120;
				ORGANIZATIONNAME = "Tasuku Tozawa";
				TargetAttributes = {
					2C78B8B72439C013002F262C = {
						CreatedOnToolsVersion = 11.2;
					};
				};
			};
			buildConfigurationList = 2C78B89C2439BFB3002F262C /* Build configuration list for PBXProject "SwiftTemplates" */;
			compatibilityVersion = "Xcode 9.3";
			developmentRegion = en;
			hasScannedForEncodings = 0;
			knownRegions = (
				en,
				Base,
			);
			mainGroup = 2C78B8982439BFB3002F262C;
			packageReferences = (
				2CA9102427128DD100E4A17D /* XCRemoteSwiftPackageReference "Quick" */,
				2CA9102727128DF600E4A17D /* XCRemoteSwiftPackageReference "Nimble" */,
			);
			productRefGroup = 2C78B8A22439BFB3002F262C /* Products */;
			projectDirPath = "";
			projectRoot = "";
			targets = (
				2C78B8B72439C013002F262C /* SwiftTemplatesTests */,
			);
		};
/* End PBXProject section */

/* Begin PBXResourcesBuildPhase section */
		2C78B8B62439C013002F262C /* Resources */ = {
			isa = PBXResourcesBuildPhase;
			buildActionMask = 2147483647;
			files = (
				2C78B8C92439C5E2002F262C /* AutoDefaultValue.swifttemplate in Resources */,
				2CEBA4562439EB3200087595 /* AutoDefaultValue.expected in Resources */,
			);
			runOnlyForDeploymentPostprocessing = 0;
		};
/* End PBXResourcesBuildPhase section */

/* Begin PBXShellScriptBuildPhase section */
		2C78B8C02439C3EE002F262C /* Sourcery */ = {
			isa = PBXShellScriptBuildPhase;
			buildActionMask = 2147483647;
			files = (
			);
			inputFileListPaths = (
			);
			inputPaths = (
			);
			name = Sourcery;
			outputFileListPaths = (
			);
			outputPaths = (
			);
			runOnlyForDeploymentPostprocessing = 0;
			shellPath = /bin/sh;
			shellScript = "\"Pods/Sourcery/bin/sourcery\" \\\n    --sources \"${SRCROOT}/Tests/Context\" \\\n    --templates \"${SRCROOT}/Templates\" \\\n    --output \"${SRCROOT}/Tests/Generated\" \\\n    --args import=\"Foundation\" \\\n    --disableCache --verbose\n";
		};
/* End PBXShellScriptBuildPhase section */

/* Begin PBXSourcesBuildPhase section */
		2C78B8B42439C013002F262C /* Sources */ = {
			isa = PBXSourcesBuildPhase;
			buildActionMask = 2147483647;
			files = (
				2C78B8BB2439C013002F262C /* SwiftTemplatesSpec.swift in Sources */,
				2C78B8CD2439C78C002F262C /* AutoDefaultValue.swift in Sources */,
				2CEBA4592439EC6A00087595 /* AutoDefaultValue.generated.swift in Sources */,
			);
			runOnlyForDeploymentPostprocessing = 0;
		};
/* End PBXSourcesBuildPhase section */

/* Begin XCBuildConfiguration section */
		2C78B8AF2439BFB5002F262C /* Debug */ = {
			isa = XCBuildConfiguration;
			buildSettings = {
				ALWAYS_SEARCH_USER_PATHS = NO;
				CLANG_ANALYZER_NONNULL = YES;
				CLANG_ANALYZER_NUMBER_OBJECT_CONVERSION = YES_AGGRESSIVE;
				CLANG_CXX_LANGUAGE_STANDARD = "gnu++14";
				CLANG_CXX_LIBRARY = "libc++";
				CLANG_ENABLE_MODULES = YES;
				CLANG_ENABLE_OBJC_ARC = YES;
				CLANG_ENABLE_OBJC_WEAK = YES;
				CLANG_WARN_BLOCK_CAPTURE_AUTORELEASING = YES;
				CLANG_WARN_BOOL_CONVERSION = YES;
				CLANG_WARN_COMMA = YES;
				CLANG_WARN_CONSTANT_CONVERSION = YES;
				CLANG_WARN_DEPRECATED_OBJC_IMPLEMENTATIONS = YES;
				CLANG_WARN_DIRECT_OBJC_ISA_USAGE = YES_ERROR;
				CLANG_WARN_DOCUMENTATION_COMMENTS = YES;
				CLANG_WARN_EMPTY_BODY = YES;
				CLANG_WARN_ENUM_CONVERSION = YES;
				CLANG_WARN_INFINITE_RECURSION = YES;
				CLANG_WARN_INT_CONVERSION = YES;
				CLANG_WARN_NON_LITERAL_NULL_CONVERSION = YES;
				CLANG_WARN_OBJC_IMPLICIT_RETAIN_SELF = YES;
				CLANG_WARN_OBJC_LITERAL_CONVERSION = YES;
				CLANG_WARN_OBJC_ROOT_CLASS = YES_ERROR;
				CLANG_WARN_RANGE_LOOP_ANALYSIS = YES;
				CLANG_WARN_STRICT_PROTOTYPES = YES;
				CLANG_WARN_SUSPICIOUS_MOVE = YES;
				CLANG_WARN_UNGUARDED_AVAILABILITY = YES_AGGRESSIVE;
				CLANG_WARN_UNREACHABLE_CODE = YES;
				CLANG_WARN__DUPLICATE_METHOD_MATCH = YES;
				COPY_PHASE_STRIP = NO;
				DEBUG_INFORMATION_FORMAT = dwarf;
				ENABLE_STRICT_OBJC_MSGSEND = YES;
				ENABLE_TESTABILITY = YES;
				GCC_C_LANGUAGE_STANDARD = gnu11;
				GCC_DYNAMIC_NO_PIC = NO;
				GCC_NO_COMMON_BLOCKS = YES;
				GCC_OPTIMIZATION_LEVEL = 0;
				GCC_PREPROCESSOR_DEFINITIONS = (
					"DEBUG=1",
					"$(inherited)",
				);
				GCC_WARN_64_TO_32_BIT_CONVERSION = YES;
				GCC_WARN_ABOUT_RETURN_TYPE = YES_ERROR;
				GCC_WARN_UNDECLARED_SELECTOR = YES;
				GCC_WARN_UNINITIALIZED_AUTOS = YES_AGGRESSIVE;
				GCC_WARN_UNUSED_FUNCTION = YES;
				GCC_WARN_UNUSED_VARIABLE = YES;
				MACOSX_DEPLOYMENT_TARGET = 10.15;
				MTL_ENABLE_DEBUG_INFO = INCLUDE_SOURCE;
				MTL_FAST_MATH = YES;
				ONLY_ACTIVE_ARCH = YES;
				SDKROOT = macosx;
				SWIFT_ACTIVE_COMPILATION_CONDITIONS = DEBUG;
				SWIFT_OPTIMIZATION_LEVEL = "-Onone";
			};
			name = Debug;
		};
		2C78B8B02439BFB5002F262C /* Release */ = {
			isa = XCBuildConfiguration;
			buildSettings = {
				ALWAYS_SEARCH_USER_PATHS = NO;
				CLANG_ANALYZER_NONNULL = YES;
				CLANG_ANALYZER_NUMBER_OBJECT_CONVERSION = YES_AGGRESSIVE;
				CLANG_CXX_LANGUAGE_STANDARD = "gnu++14";
				CLANG_CXX_LIBRARY = "libc++";
				CLANG_ENABLE_MODULES = YES;
				CLANG_ENABLE_OBJC_ARC = YES;
				CLANG_ENABLE_OBJC_WEAK = YES;
				CLANG_WARN_BLOCK_CAPTURE_AUTORELEASING = YES;
				CLANG_WARN_BOOL_CONVERSION = YES;
				CLANG_WARN_COMMA = YES;
				CLANG_WARN_CONSTANT_CONVERSION = YES;
				CLANG_WARN_DEPRECATED_OBJC_IMPLEMENTATIONS = YES;
				CLANG_WARN_DIRECT_OBJC_ISA_USAGE = YES_ERROR;
				CLANG_WARN_DOCUMENTATION_COMMENTS = YES;
				CLANG_WARN_EMPTY_BODY = YES;
				CLANG_WARN_ENUM_CONVERSION = YES;
				CLANG_WARN_INFINITE_RECURSION = YES;
				CLANG_WARN_INT_CONVERSION = YES;
				CLANG_WARN_NON_LITERAL_NULL_CONVERSION = YES;
				CLANG_WARN_OBJC_IMPLICIT_RETAIN_SELF = YES;
				CLANG_WARN_OBJC_LITERAL_CONVERSION = YES;
				CLANG_WARN_OBJC_ROOT_CLASS = YES_ERROR;
				CLANG_WARN_RANGE_LOOP_ANALYSIS = YES;
				CLANG_WARN_STRICT_PROTOTYPES = YES;
				CLANG_WARN_SUSPICIOUS_MOVE = YES;
				CLANG_WARN_UNGUARDED_AVAILABILITY = YES_AGGRESSIVE;
				CLANG_WARN_UNREACHABLE_CODE = YES;
				CLANG_WARN__DUPLICATE_METHOD_MATCH = YES;
				COPY_PHASE_STRIP = NO;
				DEBUG_INFORMATION_FORMAT = "dwarf-with-dsym";
				ENABLE_NS_ASSERTIONS = NO;
				ENABLE_STRICT_OBJC_MSGSEND = YES;
				GCC_C_LANGUAGE_STANDARD = gnu11;
				GCC_NO_COMMON_BLOCKS = YES;
				GCC_WARN_64_TO_32_BIT_CONVERSION = YES;
				GCC_WARN_ABOUT_RETURN_TYPE = YES_ERROR;
				GCC_WARN_UNDECLARED_SELECTOR = YES;
				GCC_WARN_UNINITIALIZED_AUTOS = YES_AGGRESSIVE;
				GCC_WARN_UNUSED_FUNCTION = YES;
				GCC_WARN_UNUSED_VARIABLE = YES;
				MACOSX_DEPLOYMENT_TARGET = 10.15;
				MTL_ENABLE_DEBUG_INFO = NO;
				MTL_FAST_MATH = YES;
				SDKROOT = macosx;
				SWIFT_COMPILATION_MODE = wholemodule;
				SWIFT_OPTIMIZATION_LEVEL = "-O";
			};
			name = Release;
		};
		2C78B8BE2439C013002F262C /* Debug */ = {
			isa = XCBuildConfiguration;
			buildSettings = {
				CODE_SIGN_STYLE = Manual;
				COMBINE_HIDPI_IMAGES = YES;
				DEVELOPMENT_TEAM = "";
				INFOPLIST_FILE = Tests/Info.plist;
				LD_RUNPATH_SEARCH_PATHS = (
					"$(inherited)",
					"@executable_path/../Frameworks",
					"@loader_path/../Frameworks",
				);
				PRODUCT_BUNDLE_IDENTIFIER = net.tasuwo.SwiftTemplatesTests;
				PRODUCT_NAME = "$(TARGET_NAME)";
				PROVISIONING_PROFILE_SPECIFIER = "";
				SWIFT_VERSION = 5.0;
			};
			name = Debug;
		};
		2C78B8BF2439C013002F262C /* Release */ = {
			isa = XCBuildConfiguration;
			buildSettings = {
				CODE_SIGN_STYLE = Manual;
				COMBINE_HIDPI_IMAGES = YES;
				DEVELOPMENT_TEAM = "";
				INFOPLIST_FILE = Tests/Info.plist;
				LD_RUNPATH_SEARCH_PATHS = (
					"$(inherited)",
					"@executable_path/../Frameworks",
					"@loader_path/../Frameworks",
				);
				PRODUCT_BUNDLE_IDENTIFIER = net.tasuwo.SwiftTemplatesTests;
				PRODUCT_NAME = "$(TARGET_NAME)";
				PROVISIONING_PROFILE_SPECIFIER = "";
				SWIFT_VERSION = 5.0;
			};
			name = Release;
		};
/* End XCBuildConfiguration section */

/* Begin XCConfigurationList section */
		2C78B89C2439BFB3002F262C /* Build configuration list for PBXProject "SwiftTemplates" */ = {
			isa = XCConfigurationList;
			buildConfigurations = (
				2C78B8AF2439BFB5002F262C /* Debug */,
				2C78B8B02439BFB5002F262C /* Release */,
			);
			defaultConfigurationIsVisible = 0;
			defaultConfigurationName = Release;
		};
		2C78B8BD2439C013002F262C /* Build configuration list for PBXNativeTarget "SwiftTemplatesTests" */ = {
			isa = XCConfigurationList;
			buildConfigurations = (
				2C78B8BE2439C013002F262C /* Debug */,
				2C78B8BF2439C013002F262C /* Release */,
			);
			defaultConfigurationIsVisible = 0;
			defaultConfigurationName = Release;
		};
/* End XCConfigurationList section */

/* Begin XCRemoteSwiftPackageReference section */
		2CA9102427128DD100E4A17D /* XCRemoteSwiftPackageReference "Quick" */ = {
			isa = XCRemoteSwiftPackageReference;
			repositoryURL = "https://github.com/Quick/Quick.git";
			requirement = {
				kind = upToNextMajorVersion;
				minimumVersion = 4.0.0;
			};
		};
		2CA9102727128DF600E4A17D /* XCRemoteSwiftPackageReference "Nimble" */ = {
			isa = XCRemoteSwiftPackageReference;
			repositoryURL = "https://github.com/Quick/Nimble";
			requirement = {
				kind = upToNextMajorVersion;
				minimumVersion = 9.0.0;
			};
		};
/* End XCRemoteSwiftPackageReference section */

/* Begin XCSwiftPackageProductDependency section */
		2CA9102527128DD100E4A17D /* Quick */ = {
			isa = XCSwiftPackageProductDependency;
			package = 2CA9102427128DD100E4A17D /* XCRemoteSwiftPackageReference "Quick" */;
			productName = Quick;
		};
		2CA9102827128DF600E4A17D /* Nimble */ = {
			isa = XCSwiftPackageProductDependency;
			package = 2CA9102727128DF600E4A17D /* XCRemoteSwiftPackageReference "Nimble" */;
			productName = Nimble;
		};
/* End XCSwiftPackageProductDependency section */
	};
	rootObject = 2C78B8992439BFB3002F262C /* Project object */;
}
